
Microsoft Visual Studio Solution File, Format Version 12.00
# Visual Studio 15
VisualStudioVersion = 15.0.28010.2036
MinimumVisualStudioVersion = 10.0.40219.1
Project("{FAE04EC0-301F-11D3-BF4B-00C04F79EFBC}") = "WebShopProject", "WebShopProject\WebShopProject.csproj", "{181F46D9-D361-4184-ADA0-CB023B3D2581}"
EndProject
Global
	GlobalSection(SolutionConfigurationPlatforms) = preSolution
		Debug|Any CPU = Debug|Any CPU
		Release|Any CPU = Release|Any CPU
	EndGlobalSection
	GlobalSection(ProjectConfigurationPlatforms) = postSolution
		{181F46D9-D361-4184-ADA0-CB023B3D2581}.Debug|Any CPU.ActiveCfg = Debug|Any CPU
		{181F46D9-D361-4184-ADA0-CB023B3D2581}.Debug|Any CPU.Build.0 = Debug|Any CPU
		{181F46D9-D361-4184-ADA0-CB023B3D2581}.Release|Any CPU.ActiveCfg = Release|Any CPU
		{181F46D9-D361-4184-ADA0-CB023B3D2581}.Release|Any CPU.Build.0 = Release|Any CPU
	EndGlobalSection
	GlobalSection(SolutionProperties) = preSolution
		HideSolutionNode = FALSE
	EndGlobalSection
	GlobalSection(ExtensibilityGlobals) = postSolution
		SolutionGuid = {B8618C14-9CA4-4F07-95DE-2E44882E06C2}
	EndGlobalSection
EndGlobal
